
Microsoft Visual Studio Solution File, Format Version 12.00
# Visual Studio Version 16
VisualStudioVersion = 16.0.29324.140
MinimumVisualStudioVersion = 10.0.40219.1
Project("{9A19103F-16F7-4668-BE54-9A1E7A4F7556}") = "ReverseString", "ReverseString.csproj", "{FDE74EB7-ECFE-414A-8623-74EE5DB9ACDE}"
EndProject
Global
	GlobalSection(SolutionConfigurationPlatforms) = preSolution
		Debug|Any CPU = Debug|Any CPU
		Release|Any CPU = Release|Any CPU
	EndGlobalSection
	GlobalSection(ProjectConfigurationPlatforms) = postSolution
		{FDE74EB7-ECFE-414A-8623-74EE5DB9ACDE}.Debug|Any CPU.ActiveCfg = Debug|Any CPU
		{FDE74EB7-ECFE-414A-8623-74EE5DB9ACDE}.Debug|Any CPU.Build.0 = Debug|Any CPU
		{FDE74EB7-ECFE-414A-8623-74EE5DB9ACDE}.Release|Any CPU.ActiveCfg = Release|Any CPU
		{FDE74EB7-ECFE-414A-8623-74EE5DB9ACDE}.Release|Any CPU.Build.0 = Release|Any CPU
	EndGlobalSection
	GlobalSection(SolutionProperties) = preSolution
		HideSolutionNode = FALSE
	EndGlobalSection
	GlobalSection(ExtensibilityGlobals) = postSolution
		SolutionGuid = {0215FBA5-C6D8-4DFC-A2BD-956F321708C7}
	EndGlobalSection
EndGlobal
