
Microsoft Visual Studio Solution File, Format Version 12.00
# Visual Studio Version 16
VisualStudioVersion = 16.0.29326.143
MinimumVisualStudioVersion = 10.0.40219.1
Project("{9A19103F-16F7-4668-BE54-9A1E7A4F7556}") = "Allergies", "Allergies.csproj", "{0FD5C86F-8DB2-49DC-A2C5-040558D81EE9}"
EndProject
Global
	GlobalSection(SolutionConfigurationPlatforms) = preSolution
		Debug|Any CPU = Debug|Any CPU
		Release|Any CPU = Release|Any CPU
	EndGlobalSection
	GlobalSection(ProjectConfigurationPlatforms) = postSolution
		{0FD5C86F-8DB2-49DC-A2C5-040558D81EE9}.Debug|Any CPU.ActiveCfg = Debug|Any CPU
		{0FD5C86F-8DB2-49DC-A2C5-040558D81EE9}.Debug|Any CPU.Build.0 = Debug|Any CPU
		{0FD5C86F-8DB2-49DC-A2C5-040558D81EE9}.Release|Any CPU.ActiveCfg = Release|Any CPU
		{0FD5C86F-8DB2-49DC-A2C5-040558D81EE9}.Release|Any CPU.Build.0 = Release|Any CPU
	EndGlobalSection
	GlobalSection(SolutionProperties) = preSolution
		HideSolutionNode = FALSE
	EndGlobalSection
	GlobalSection(ExtensibilityGlobals) = postSolution
		SolutionGuid = {EFD03F1A-22E2-4C44-88F3-8C253F40A093}
	EndGlobalSection
EndGlobal
